// !$*UTF8*$!
{
	archiveVersion = 1;
	classes = {
	};
	objectVersion = 46;
	objects = {

/* Begin PBXBuildFile section */
		CDB620D31B1E8F64005D9522 /* main.m in Sources */ = {isa = PBXBuildFile; fileRef = CDB620D21B1E8F64005D9522 /* main.m */; };
		CDB620D61B1E8F64005D9522 /* AppDelegate.m in Sources */ = {isa = PBXBuildFile; fileRef = CDB620D51B1E8F64005D9522 /* AppDelegate.m */; };
		CDB620D91B1E8F64005D9522 /* ViewController.m in Sources */ = {isa = PBXBuildFile; fileRef = CDB620D81B1E8F64005D9522 /* ViewController.m */; };
		CDB620DC1B1E8F64005D9522 /* Main.storyboard in Resources */ = {isa = PBXBuildFile; fileRef = CDB620DA1B1E8F64005D9522 /* Main.storyboard */; };
		CDB620DE1B1E8F64005D9522 /* Images.xcassets in Resources */ = {isa = PBXBuildFile; fileRef = CDB620DD1B1E8F64005D9522 /* Images.xcassets */; };
		CDB620E11B1E8F64005D9522 /* LaunchScreen.xib in Resources */ = {isa = PBXBuildFile; fileRef = CDB620DF1B1E8F64005D9522 /* LaunchScreen.xib */; };
		CDB620ED1B1E8F64005D9522 /* VisualEffectTests.m in Sources */ = {isa = PBXBuildFile; fileRef = CDB620EC1B1E8F64005D9522 /* VisualEffectTests.m */; };
		CDB620F71B1E8FF7005D9522 /* 背景2.jpg in Resources */ = {isa = PBXBuildFile; fileRef = CDB620F61B1E8FF7005D9522 /* 背景2.jpg */; };
/* End PBXBuildFile section */

/* Begin PBXContainerItemProxy section */
		CDB620E71B1E8F64005D9522 /* PBXContainerItemProxy */ = {
			isa = PBXContainerItemProxy;
			containerPortal = CDB620C51B1E8F64005D9522 /* Project object */;
			proxyType = 1;
			remoteGlobalIDString = CDB620CC1B1E8F64005D9522;
			remoteInfo = VisualEffect;
		};
/* End PBXContainerItemProxy section */

/* Begin PBXFileReference section */
		CDB620CD1B1E8F64005D9522 /* VisualEffect.app */ = {isa = PBXFileReference; explicitFileType = wrapper.application; includeInIndex = 0; path = VisualEffect.app; sourceTree = BUILT_PRODUCTS_DIR; };
		CDB620D11B1E8F64005D9522 /* Info.plist */ = {isa = PBXFileReference; lastKnownFileType = text.plist.xml; path = Info.plist; sourceTree = "<group>"; };
		CDB620D21B1E8F64005D9522 /* main.m */ = {isa = PBXFileReference; lastKnownFileType = sourcecode.c.objc; path = main.m; sourceTree = "<group>"; };
		CDB620D41B1E8F64005D9522 /* AppDelegate.h */ = {isa = PBXFileReference; lastKnownFileType = sourcecode.c.h; path = AppDelegate.h; sourceTree = "<group>"; };
		CDB620D51B1E8F64005D9522 /* AppDelegate.m */ = {isa = PBXFileReference; lastKnownFileType = sourcecode.c.objc; path = AppDelegate.m; sourceTree = "<group>"; };
		CDB620D71B1E8F64005D9522 /* ViewController.h */ = {isa = PBXFileReference; lastKnownFileType = sourcecode.c.h; path = ViewController.h; sourceTree = "<group>"; };
		CDB620D81B1E8F64005D9522 /* ViewController.m */ = {isa = PBXFileReference; lastKnownFileType = sourcecode.c.objc; path = ViewController.m; sourceTree = "<group>"; };
		CDB620DB1B1E8F64005D9522 /* Base */ = {isa = PBXFileReference; lastKnownFileType = file.storyboard; name = Base; path = Base.lproj/Main.storyboard; sourceTree = "<group>"; };
		CDB620DD1B1E8F64005D9522 /* Images.xcassets */ = {isa = PBXFileReference; lastKnownFileType = folder.assetcatalog; path = Images.xcassets; sourceTree = "<group>"; };
		CDB620E01B1E8F64005D9522 /* Base */ = {isa = PBXFileReference; lastKnownFileType = file.xib; name = Base; path = Base.lproj/LaunchScreen.xib; sourceTree = "<group>"; };
		CDB620E61B1E8F64005D9522 /* VisualEffectTests.xctest */ = {isa = PBXFileReference; explicitFileType = wrapper.cfbundle; includeInIndex = 0; path = VisualEffectTests.xctest; sourceTree = BUILT_PRODUCTS_DIR; };
		CDB620EB1B1E8F64005D9522 /* Info.plist */ = {isa = PBXFileReference; lastKnownFileType = text.plist.xml; path = Info.plist; sourceTree = "<group>"; };
		CDB620EC1B1E8F64005D9522 /* VisualEffectTests.m */ = {isa = PBXFileReference; lastKnownFileType = sourcecode.c.objc; path = VisualEffectTests.m; sourceTree = "<group>"; };
		CDB620F61B1E8FF7005D9522 /* 背景2.jpg */ = {isa = PBXFileReference; lastKnownFileType = image.jpeg; path = "背景2.jpg"; sourceTree = "<group>"; };
/* End PBXFileReference section */

/* Begin PBXFrameworksBuildPhase section */
		CDB620CA1B1E8F64005D9522 /* Frameworks */ = {
			isa = PBXFrameworksBuildPhase;
			buildActionMask = 2147483647;
			files = (
			);
			runOnlyForDeploymentPostprocessing = 0;
		};
		CDB620E31B1E8F64005D9522 /* Frameworks */ = {
			isa = PBXFrameworksBuildPhase;
			buildActionMask = 2147483647;
			files = (
			);
			runOnlyForDeploymentPostprocessing = 0;
		};
/* End PBXFrameworksBuildPhase section */

/* Begin PBXGroup section */
		CDB620C41B1E8F64005D9522 = {
			isa = PBXGroup;
			children = (
				CDB620CF1B1E8F64005D9522 /* VisualEffect */,
				CDB620E91B1E8F64005D9522 /* VisualEffectTests */,
				CDB620CE1B1E8F64005D9522 /* Products */,
			);
			sourceTree = "<group>";
		};
		CDB620CE1B1E8F64005D9522 /* Products */ = {
			isa = PBXGroup;
			children = (
				CDB620CD1B1E8F64005D9522 /* VisualEffect.app */,
				CDB620E61B1E8F64005D9522 /* VisualEffectTests.xctest */,
			);
			name = Products;
			sourceTree = "<group>";
		};
		CDB620CF1B1E8F64005D9522 /* VisualEffect */ = {
			isa = PBXGroup;
			children = (
				CDB620D41B1E8F64005D9522 /* AppDelegate.h */,
				CDB620D51B1E8F64005D9522 /* AppDelegate.m */,
				CDB620D71B1E8F64005D9522 /* ViewController.h */,
				CDB620D81B1E8F64005D9522 /* ViewController.m */,
				CDB620DA1B1E8F64005D9522 /* Main.storyboard */,
				CDB620DD1B1E8F64005D9522 /* Images.xcassets */,
				CDB620DF1B1E8F64005D9522 /* LaunchScreen.xib */,
				CDB620D01B1E8F64005D9522 /* Supporting Files */,
			);
			path = VisualEffect;
			sourceTree = "<group>";
		};
		CDB620D01B1E8F64005D9522 /* Supporting Files */ = {
			isa = PBXGroup;
			children = (
				CDB620F61B1E8FF7005D9522 /* 背景2.jpg */,
				CDB620D11B1E8F64005D9522 /* Info.plist */,
				CDB620D21B1E8F64005D9522 /* main.m */,
			);
			name = "Supporting Files";
			sourceTree = "<group>";
		};
		CDB620E91B1E8F64005D9522 /* VisualEffectTests */ = {
			isa = PBXGroup;
			children = (
				CDB620EC1B1E8F64005D9522 /* VisualEffectTests.m */,
				CDB620EA1B1E8F64005D9522 /* Supporting Files */,
			);
			path = VisualEffectTests;
			sourceTree = "<group>";
		};
		CDB620EA1B1E8F64005D9522 /* Supporting Files */ = {
			isa = PBXGroup;
			children = (
				CDB620EB1B1E8F64005D9522 /* Info.plist */,
			);
			name = "Supporting Files";
			sourceTree = "<group>";
		};
/* End PBXGroup section */

/* Begin PBXNativeTarget section */
		CDB620CC1B1E8F64005D9522 /* VisualEffect */ = {
			isa = PBXNativeTarget;
			buildConfigurationList = CDB620F01B1E8F64005D9522 /* Build configuration list for PBXNativeTarget "VisualEffect" */;
			buildPhases = (
				CDB620C91B1E8F64005D9522 /* Sources */,
				CDB620CA1B1E8F64005D9522 /* Frameworks */,
				CDB620CB1B1E8F64005D9522 /* Resources */,
			);
			buildRules = (
			);
			dependencies = (
			);
			name = VisualEffect;
			productName = VisualEffect;
			productReference = CDB620CD1B1E8F64005D9522 /* VisualEffect.app */;
			productType = "com.apple.product-type.application";
		};
		CDB620E51B1E8F64005D9522 /* VisualEffectTests */ = {
			isa = PBXNativeTarget;
			buildConfigurationList = CDB620F31B1E8F64005D9522 /* Build configuration list for PBXNativeTarget "VisualEffectTests" */;
			buildPhases = (
				CDB620E21B1E8F64005D9522 /* Sources */,
				CDB620E31B1E8F64005D9522 /* Frameworks */,
				CDB620E41B1E8F64005D9522 /* Resources */,
			);
			buildRules = (
			);
			dependencies = (
				CDB620E81B1E8F64005D9522 /* PBXTargetDependency */,
			);
			name = VisualEffectTests;
			productName = VisualEffectTests;
			productReference = CDB620E61B1E8F64005D9522 /* VisualEffectTests.xctest */;
			productType = "com.apple.product-type.bundle.unit-test";
		};
/* End PBXNativeTarget section */

/* Begin PBXProject section */
		CDB620C51B1E8F64005D9522 /* Project object */ = {
			isa = PBXProject;
			attributes = {
				LastUpgradeCheck = 0630;
				ORGANIZATIONNAME = wenshl;
				TargetAttributes = {
					CDB620CC1B1E8F64005D9522 = {
						CreatedOnToolsVersion = 6.3.2;
					};
					CDB620E51B1E8F64005D9522 = {
						CreatedOnToolsVersion = 6.3.2;
						TestTargetID = CDB620CC1B1E8F64005D9522;
					};
				};
			};
			buildConfigurationList = CDB620C81B1E8F64005D9522 /* Build configuration list for PBXProject "VisualEffect" */;
			compatibilityVersion = "Xcode 3.2";
			developmentRegion = English;
			hasScannedForEncodings = 0;
			knownRegions = (
				en,
				Base,
			);
			mainGroup = CDB620C41B1E8F64005D9522;
			productRefGroup = CDB620CE1B1E8F64005D9522 /* Products */;
			projectDirPath = "";
			projectRoot = "";
			targets = (
				CDB620CC1B1E8F64005D9522 /* VisualEffect */,
				CDB620E51B1E8F64005D9522 /* VisualEffectTests */,
			);
		};
/* End PBXProject section */

/* Begin PBXResourcesBuildPhase section */
		CDB620CB1B1E8F64005D9522 /* Resources */ = {
			isa = PBXResourcesBuildPhase;
			buildActionMask = 2147483647;
			files = (
				CDB620DC1B1E8F64005D9522 /* Main.storyboard in Resources */,
				CDB620E11B1E8F64005D9522 /* LaunchScreen.xib in Resources */,
				CDB620DE1B1E8F64005D9522 /* Images.xcassets in Resources */,
				CDB620F71B1E8FF7005D9522 /* 背景2.jpg in Resources */,
			);
			runOnlyForDeploymentPostprocessing = 0;
		};
		CDB620E41B1E8F64005D9522 /* Resources */ = {
			isa = PBXResourcesBuildPhase;
			buildActionMask = 2147483647;
			files = (
			);
			runOnlyForDeploymentPostprocessing = 0;
		};
/* End PBXResourcesBuildPhase section */

/* Begin PBXSourcesBuildPhase section */
		CDB620C91B1E8F64005D9522 /* Sources */ = {
			isa = PBXSourcesBuildPhase;
			buildActionMask = 2147483647;
			files = (
				CDB620D91B1E8F64005D9522 /* ViewController.m in Sources */,
				CDB620D61B1E8F64005D9522 /* AppDelegate.m in Sources */,
				CDB620D31B1E8F64005D9522 /* main.m in Sources */,
			);
			runOnlyForDeploymentPostprocessing = 0;
		};
		CDB620E21B1E8F64005D9522 /* Sources */ = {
			isa = PBXSourcesBuildPhase;
			buildActionMask = 2147483647;
			files = (
				CDB620ED1B1E8F64005D9522 /* VisualEffectTests.m in Sources */,
			);
			runOnlyForDeploymentPostprocessing = 0;
		};
/* End PBXSourcesBuildPhase section */

/* Begin PBXTargetDependency section */
		CDB620E81B1E8F64005D9522 /* PBXTargetDependency */ = {
			isa = PBXTargetDependency;
			target = CDB620CC1B1E8F64005D9522 /* VisualEffect */;
			targetProxy = CDB620E71B1E8F64005D9522 /* PBXContainerItemProxy */;
		};
/* End PBXTargetDependency section */

/* Begin PBXVariantGroup section */
		CDB620DA1B1E8F64005D9522 /* Main.storyboard */ = {
			isa = PBXVariantGroup;
			children = (
				CDB620DB1B1E8F64005D9522 /* Base */,
			);
			name = Main.storyboard;
			sourceTree = "<group>";
		};
		CDB620DF1B1E8F64005D9522 /* LaunchScreen.xib */ = {
			isa = PBXVariantGroup;
			children = (
				CDB620E01B1E8F64005D9522 /* Base */,
			);
			name = LaunchScreen.xib;
			sourceTree = "<group>";
		};
/* End PBXVariantGroup section */

/* Begin XCBuildConfiguration section */
		CDB620EE1B1E8F64005D9522 /* Debug */ = {
			isa = XCBuildConfiguration;
			buildSettings = {
				ALWAYS_SEARCH_USER_PATHS = NO;
				CLANG_CXX_LANGUAGE_STANDARD = "gnu++0x";
				CLANG_CXX_LIBRARY = "libc++";
				CLANG_ENABLE_MODULES = YES;
				CLANG_ENABLE_OBJC_ARC = YES;
				CLANG_WARN_BOOL_CONVERSION = YES;
				CLANG_WARN_CONSTANT_CONVERSION = YES;
				CLANG_WARN_DIRECT_OBJC_ISA_USAGE = YES_ERROR;
				CLANG_WARN_EMPTY_BODY = YES;
				CLANG_WARN_ENUM_CONVERSION = YES;
				CLANG_WARN_INT_CONVERSION = YES;
				CLANG_WARN_OBJC_ROOT_CLASS = YES_ERROR;
				CLANG_WARN_UNREACHABLE_CODE = YES;
				CLANG_WARN__DUPLICATE_METHOD_MATCH = YES;
				"CODE_SIGN_IDENTITY[sdk=iphoneos*]" = "iPhone Developer";
				COPY_PHASE_STRIP = NO;
				DEBUG_INFORMATION_FORMAT = "dwarf-with-dsym";
				ENABLE_STRICT_OBJC_MSGSEND = YES;
				GCC_C_LANGUAGE_STANDARD = gnu99;
				GCC_DYNAMIC_NO_PIC = NO;
				GCC_NO_COMMON_BLOCKS = YES;
				GCC_OPTIMIZATION_LEVEL = 0;
				GCC_PREPROCESSOR_DEFINITIONS = (
					"DEBUG=1",
					"$(inherited)",
				);
				GCC_SYMBOLS_PRIVATE_EXTERN = NO;
				GCC_WARN_64_TO_32_BIT_CONVERSION = YES;
				GCC_WARN_ABOUT_RETURN_TYPE = YES_ERROR;
				GCC_WARN_UNDECLARED_SELECTOR = YES;
				GCC_WARN_UNINITIALIZED_AUTOS = YES_AGGRESSIVE;
				GCC_WARN_UNUSED_FUNCTION = YES;
				GCC_WARN_UNUSED_VARIABLE = YES;
				IPHONEOS_DEPLOYMENT_TARGET = 8.3;
				MTL_ENABLE_DEBUG_INFO = YES;
				ONLY_ACTIVE_ARCH = YES;
				SDKROOT = iphoneos;
				TARGETED_DEVICE_FAMILY = "1,2";
			};
			name = Debug;
		};
		CDB620EF1B1E8F64005D9522 /* Release */ = {
			isa = XCBuildConfiguration;
			buildSettings = {
				ALWAYS_SEARCH_USER_PATHS = NO;
				CLANG_CXX_LANGUAGE_STANDARD = "gnu++0x";
				CLANG_CXX_LIBRARY = "libc++";
				CLANG_ENABLE_MODULES = YES;
				CLANG_ENABLE_OBJC_ARC = YES;
				CLANG_WARN_BOOL_CONVERSION = YES;
				CLANG_WARN_CONSTANT_CONVERSION = YES;
				CLANG_WARN_DIRECT_OBJC_ISA_USAGE = YES_ERROR;
				CLANG_WARN_EMPTY_BODY = YES;
				CLANG_WARN_ENUM_CONVERSION = YES;
				CLANG_WARN_INT_CONVERSION = YES;
				CLANG_WARN_OBJC_ROOT_CLASS = YES_ERROR;
				CLANG_WARN_UNREACHABLE_CODE = YES;
				CLANG_WARN__DUPLICATE_METHOD_MATCH = YES;
				"CODE_SIGN_IDENTITY[sdk=iphoneos*]" = "iPhone Developer";
				COPY_PHASE_STRIP = NO;
				DEBUG_INFORMATION_FORMAT = "dwarf-with-dsym";
				ENABLE_NS_ASSERTIONS = NO;
				ENABLE_STRICT_OBJC_MSGSEND = YES;
				GCC_C_LANGUAGE_STANDARD = gnu99;
				GCC_NO_COMMON_BLOCKS = YES;
				GCC_WARN_64_TO_32_BIT_CONVERSION = YES;
				GCC_WARN_ABOUT_RETURN_TYPE = YES_ERROR;
				GCC_WARN_UNDECLARED_SELECTOR = YES;
				GCC_WARN_UNINITIALIZED_AUTOS = YES_AGGRESSIVE;
				GCC_WARN_UNUSED_FUNCTION = YES;
				GCC_WARN_UNUSED_VARIABLE = YES;
				IPHONEOS_DEPLOYMENT_TARGET = 8.3;
				MTL_ENABLE_DEBUG_INFO = NO;
				SDKROOT = iphoneos;
				TARGETED_DEVICE_FAMILY = "1,2";
				VALIDATE_PRODUCT = YES;
			};
			name = Release;
		};
		CDB620F11B1E8F64005D9522 /* Debug */ = {
			isa = XCBuildConfiguration;
			buildSettings = {
				ASSETCATALOG_COMPILER_APPICON_NAME = AppIcon;
				INFOPLIST_FILE = VisualEffect/Info.plist;
				LD_RUNPATH_SEARCH_PATHS = "$(inherited) @executable_path/Frameworks";
				PRODUCT_NAME = "$(TARGET_NAME)";
			};
			name = Debug;
		};
		CDB620F21B1E8F64005D9522 /* Release */ = {
			isa = XCBuildConfiguration;
			buildSettings = {
				ASSETCATALOG_COMPILER_APPICON_NAME = AppIcon;
				INFOPLIST_FILE = VisualEffect/Info.plist;
				LD_RUNPATH_SEARCH_PATHS = "$(inherited) @executable_path/Frameworks";
				PRODUCT_NAME = "$(TARGET_NAME)";
			};
			name = Release;
		};
		CDB620F41B1E8F64005D9522 /* Debug */ = {
			isa = XCBuildConfiguration;
			buildSettings = {
				BUNDLE_LOADER = "$(TEST_HOST)";
				FRAMEWORK_SEARCH_PATHS = (
					"$(SDKROOT)/Developer/Library/Frameworks",
					"$(inherited)",
				);
				GCC_PREPROCESSOR_DEFINITIONS = (
					"DEBUG=1",
					"$(inherited)",
				);
				INFOPLIST_FILE = VisualEffectTests/Info.plist;
				LD_RUNPATH_SEARCH_PATHS = "$(inherited) @executable_path/Frameworks @loader_path/Frameworks";
				PRODUCT_NAME = "$(TARGET_NAME)";
				TEST_HOST = "$(BUILT_PRODUCTS_DIR)/VisualEffect.app/VisualEffect";
			};
			name = Debug;
		};
		CDB620F51B1E8F64005D9522 /* Release */ = {
			isa = XCBuildConfiguration;
			buildSettings = {
				BUNDLE_LOADER = "$(TEST_HOST)";
				FRAMEWORK_SEARCH_PATHS = (
					"$(SDKROOT)/Developer/Library/Frameworks",
					"$(inherited)",
				);
				INFOPLIST_FILE = VisualEffectTests/Info.plist;
				LD_RUNPATH_SEARCH_PATHS = "$(inherited) @executable_path/Frameworks @loader_path/Frameworks";
				PRODUCT_NAME = "$(TARGET_NAME)";
				TEST_HOST = "$(BUILT_PRODUCTS_DIR)/VisualEffect.app/VisualEffect";
			};
			name = Release;
		};
/* End XCBuildConfiguration section */

/* Begin XCConfigurationList section */
		CDB620C81B1E8F64005D9522 /* Build configuration list for PBXProject "VisualEffect" */ = {
			isa = XCConfigurationList;
			buildConfigurations = (
				CDB620EE1B1E8F64005D9522 /* Debug */,
				CDB620EF1B1E8F64005D9522 /* Release */,
			);
			defaultConfigurationIsVisible = 0;
			defaultConfigurationName = Release;
		};
		CDB620F01B1E8F64005D9522 /* Build configuration list for PBXNativeTarget "VisualEffect" */ = {
			isa = XCConfigurationList;
			buildConfigurations = (
				CDB620F11B1E8F64005D9522 /* Debug */,
				CDB620F21B1E8F64005D9522 /* Release */,
			);
			defaultConfigurationIsVisible = 0;
		};
		CDB620F31B1E8F64005D9522 /* Build configuration list for PBXNativeTarget "VisualEffectTests" */ = {
			isa = XCConfigurationList;
			buildConfigurations = (
				CDB620F41B1E8F64005D9522 /* Debug */,
				CDB620F51B1E8F64005D9522 /* Release */,
			);
			defaultConfigurationIsVisible = 0;
		};
/* End XCConfigurationList section */
	};
	rootObject = CDB620C51B1E8F64005D9522 /* Project object */;
}
